// !$*UTF8*$!
{
	archiveVersion = 1;
	classes = {
	};
	objectVersion = 56;
	objects = {

/* Begin PBXBuildFile section */
		5852B0922C48C62500531EDA /* OpenSeaApp.swift in Sources */ = {isa = PBXBuildFile; fileRef = 5852B0912C48C62500531EDA /* OpenSeaApp.swift */; };
		5852B0942C48C62500531EDA /* ContentView.swift in Sources */ = {isa = PBXBuildFile; fileRef = 5852B0932C48C62500531EDA /* ContentView.swift */; };
		5852B0962C48C62600531EDA /* Assets.xcassets in Resources */ = {isa = PBXBuildFile; fileRef = 5852B0952C48C62600531EDA /* Assets.xcassets */; };
		5852B0992C48C62600531EDA /* Preview Assets.xcassets in Resources */ = {isa = PBXBuildFile; fileRef = 5852B0982C48C62600531EDA /* Preview Assets.xcassets */; };
		5852B0A32C48C62600531EDA /* OpenSeaTests.swift in Sources */ = {isa = PBXBuildFile; fileRef = 5852B0A22C48C62600531EDA /* OpenSeaTests.swift */; };
		5852B0AD2C48C62600531EDA /* OpenSeaUITests.swift in Sources */ = {isa = PBXBuildFile; fileRef = 5852B0AC2C48C62600531EDA /* OpenSeaUITests.swift */; };
		5852B0AF2C48C62600531EDA /* OpenSeaUITestsLaunchTests.swift in Sources */ = {isa = PBXBuildFile; fileRef = 5852B0AE2C48C62600531EDA /* OpenSeaUITestsLaunchTests.swift */; };
/* End PBXBuildFile section */

/* Begin PBXContainerItemProxy section */
		5852B09F2C48C62600531EDA /* PBXContainerItemProxy */ = {
			isa = PBXContainerItemProxy;
			containerPortal = 5852B0862C48C62500531EDA /* Project object */;
			proxyType = 1;
			remoteGlobalIDString = 5852B08D2C48C62500531EDA;
			remoteInfo = OpenSea;
		};
		5852B0A92C48C62600531EDA /* PBXContainerItemProxy */ = {
			isa = PBXContainerItemProxy;
			containerPortal = 5852B0862C48C62500531EDA /* Project object */;
			proxyType = 1;
			remoteGlobalIDString = 5852B08D2C48C62500531EDA;
			remoteInfo = OpenSea;
		};
/* End PBXContainerItemProxy section */

/* Begin PBXFileReference section */
		5852B08E2C48C62500531EDA /* OpenSea.app */ = {isa = PBXFileReference; explicitFileType = wrapper.application; includeInIndex = 0; path = OpenSea.app; sourceTree = BUILT_PRODUCTS_DIR; };
		5852B0912C48C62500531EDA /* OpenSeaApp.swift */ = {isa = PBXFileReference; lastKnownFileType = sourcecode.swift; path = OpenSeaApp.swift; sourceTree = "<group>"; };
		5852B0932C48C62500531EDA /* ContentView.swift */ = {isa = PBXFileReference; lastKnownFileType = sourcecode.swift; path = ContentView.swift; sourceTree = "<group>"; };
		5852B0952C48C62600531EDA /* Assets.xcassets */ = {isa = PBXFileReference; lastKnownFileType = folder.assetcatalog; path = Assets.xcassets; sourceTree = "<group>"; };
		5852B0982C48C62600531EDA /* Preview Assets.xcassets */ = {isa = PBXFileReference; lastKnownFileType = folder.assetcatalog; path = "Preview Assets.xcassets"; sourceTree = "<group>"; };
		5852B09E2C48C62600531EDA /* OpenSeaTests.xctest */ = {isa = PBXFileReference; explicitFileType = wrapper.cfbundle; includeInIndex = 0; path = OpenSeaTests.xctest; sourceTree = BUILT_PRODUCTS_DIR; };
		5852B0A22C48C62600531EDA /* OpenSeaTests.swift */ = {isa = PBXFileReference; lastKnownFileType = sourcecode.swift; path = OpenSeaTests.swift; sourceTree = "<group>"; };
		5852B0A82C48C62600531EDA /* OpenSeaUITests.xctest */ = {isa = PBXFileReference; explicitFileType = wrapper.cfbundle; includeInIndex = 0; path = OpenSeaUITests.xctest; sourceTree = BUILT_PRODUCTS_DIR; };
		5852B0AC2C48C62600531EDA /* OpenSeaUITests.swift */ = {isa = PBXFileReference; lastKnownFileType = sourcecode.swift; path = OpenSeaUITests.swift; sourceTree = "<group>"; };
		5852B0AE2C48C62600531EDA /* OpenSeaUITestsLaunchTests.swift */ = {isa = PBXFileReference; lastKnownFileType = sourcecode.swift; path = OpenSeaUITestsLaunchTests.swift; sourceTree = "<group>"; };
/* End PBXFileReference section */

/* Begin PBXFrameworksBuildPhase section */
		5852B08B2C48C62500531EDA /* Frameworks */ = {
			isa = PBXFrameworksBuildPhase;
			buildActionMask = 2147483647;
			files = (
			);
			runOnlyForDeploymentPostprocessing = 0;
		};
		5852B09B2C48C62600531EDA /* Frameworks */ = {
			isa = PBXFrameworksBuildPhase;
			buildActionMask = 2147483647;
			files = (
			);
			runOnlyForDeploymentPostprocessing = 0;
		};
		5852B0A52C48C62600531EDA /* Frameworks */ = {
			isa = PBXFrameworksBuildPhase;
			buildActionMask = 2147483647;
			files = (
			);
			runOnlyForDeploymentPostprocessing = 0;
		};
/* End PBXFrameworksBuildPhase section */

/* Begin PBXGroup section */
		5852B0852C48C62500531EDA = {
			isa = PBXGroup;
			children = (
				5852B0902C48C62500531EDA /* OpenSea */,
				5852B0A12C48C62600531EDA /* OpenSeaTests */,
				5852B0AB2C48C62600531EDA /* OpenSeaUITests */,
				5852B08F2C48C62500531EDA /* Products */,
			);
			sourceTree = "<group>";
		};
		5852B08F2C48C62500531EDA /* Products */ = {
			isa = PBXGroup;
			children = (
				5852B08E2C48C62500531EDA /* OpenSea.app */,
				5852B09E2C48C62600531EDA /* OpenSeaTests.xctest */,
				5852B0A82C48C62600531EDA /* OpenSeaUITests.xctest */,
			);
			name = Products;
			sourceTree = "<group>";
		};
		5852B0902C48C62500531EDA /* OpenSea */ = {
			isa = PBXGroup;
			children = (
				5852B0912C48C62500531EDA /* OpenSeaApp.swift */,
				5852B0932C48C62500531EDA /* ContentView.swift */,
				5852B0952C48C62600531EDA /* Assets.xcassets */,
				5852B0972C48C62600531EDA /* Preview Content */,
			);
			path = OpenSea;
			sourceTree = "<group>";
		};
		5852B0972C48C62600531EDA /* Preview Content */ = {
			isa = PBXGroup;
			children = (
				5852B0982C48C62600531EDA /* Preview Assets.xcassets */,
			);
			path = "Preview Content";
			sourceTree = "<group>";
		};
		5852B0A12C48C62600531EDA /* OpenSeaTests */ = {
			isa = PBXGroup;
			children = (
				5852B0A22C48C62600531EDA /* OpenSeaTests.swift */,
			);
			path = OpenSeaTests;
			sourceTree = "<group>";
		};
		5852B0AB2C48C62600531EDA /* OpenSeaUITests */ = {
			isa = PBXGroup;
			children = (
				5852B0AC2C48C62600531EDA /* OpenSeaUITests.swift */,
				5852B0AE2C48C62600531EDA /* OpenSeaUITestsLaunchTests.swift */,
			);
			path = OpenSeaUITests;
			sourceTree = "<group>";
		};
/* End PBXGroup section */

/* Begin PBXNativeTarget section */
		5852B08D2C48C62500531EDA /* OpenSea */ = {
			isa = PBXNativeTarget;
			buildConfigurationList = 5852B0B22C48C62600531EDA /* Build configuration list for PBXNativeTarget "OpenSea" */;
			buildPhases = (
				5852B08A2C48C62500531EDA /* Sources */,
				5852B08B2C48C62500531EDA /* Frameworks */,
				5852B08C2C48C62500531EDA /* Resources */,
			);
			buildRules = (
			);
			dependencies = (
			);
			name = OpenSea;
			productName = OpenSea;
			productReference = 5852B08E2C48C62500531EDA /* OpenSea.app */;
			productType = "com.apple.product-type.application";
		};
		5852B09D2C48C62600531EDA /* OpenSeaTests */ = {
			isa = PBXNativeTarget;
			buildConfigurationList = 5852B0B52C48C62600531EDA /* Build configuration list for PBXNativeTarget "OpenSeaTests" */;
			buildPhases = (
				5852B09A2C48C62600531EDA /* Sources */,
				5852B09B2C48C62600531EDA /* Frameworks */,
				5852B09C2C48C62600531EDA /* Resources */,
			);
			buildRules = (
			);
			dependencies = (
				5852B0A02C48C62600531EDA /* PBXTargetDependency */,
			);
			name = OpenSeaTests;
			productName = OpenSeaTests;
			productReference = 5852B09E2C48C62600531EDA /* OpenSeaTests.xctest */;
			productType = "com.apple.product-type.bundle.unit-test";
		};
		5852B0A72C48C62600531EDA /* OpenSeaUITests */ = {
			isa = PBXNativeTarget;
			buildConfigurationList = 5852B0B82C48C62600531EDA /* Build configuration list for PBXNativeTarget "OpenSeaUITests" */;
			buildPhases = (
				5852B0A42C48C62600531EDA /* Sources */,
				5852B0A52C48C62600531EDA /* Frameworks */,
				5852B0A62C48C62600531EDA /* Resources */,
			);
			buildRules = (
			);
			dependencies = (
				5852B0AA2C48C62600531EDA /* PBXTargetDependency */,
			);
			name = OpenSeaUITests;
			productName = OpenSeaUITests;
			productReference = 5852B0A82C48C62600531EDA /* OpenSeaUITests.xctest */;
			productType = "com.apple.product-type.bundle.ui-testing";
		};
/* End PBXNativeTarget section */

/* Begin PBXProject section */
		5852B0862C48C62500531EDA /* Project object */ = {
			isa = PBXProject;
			attributes = {
				BuildIndependentTargetsInParallel = 1;
				LastSwiftUpdateCheck = 1530;
				LastUpgradeCheck = 1530;
				TargetAttributes = {
					5852B08D2C48C62500531EDA = {
						CreatedOnToolsVersion = 15.3;
					};
					5852B09D2C48C62600531EDA = {
						CreatedOnToolsVersion = 15.3;
						TestTargetID = 5852B08D2C48C62500531EDA;
					};
					5852B0A72C48C62600531EDA = {
						CreatedOnToolsVersion = 15.3;
						TestTargetID = 5852B08D2C48C62500531EDA;
					};
				};
			};
			buildConfigurationList = 5852B0892C48C62500531EDA /* Build configuration list for PBXProject "OpenSea" */;
			compatibilityVersion = "Xcode 14.0";
			developmentRegion = en;
			hasScannedForEncodings = 0;
			knownRegions = (
				en,
				Base,
			);
			mainGroup = 5852B0852C48C62500531EDA;
			productRefGroup = 5852B08F2C48C62500531EDA /* Products */;
			projectDirPath = "";
			projectRoot = "";
			targets = (
				5852B08D2C48C62500531EDA /* OpenSea */,
				5852B09D2C48C62600531EDA /* OpenSeaTests */,
				5852B0A72C48C62600531EDA /* OpenSeaUITests */,
			);
		};
/* End PBXProject section */

/* Begin PBXResourcesBuildPhase section */
		5852B08C2C48C62500531EDA /* Resources */ = {
			isa = PBXResourcesBuildPhase;
			buildActionMask = 2147483647;
			files = (
				5852B0992C48C62600531EDA /* Preview Assets.xcassets in Resources */,
				5852B0962C48C62600531EDA /* Assets.xcassets in Resources */,
			);
			runOnlyForDeploymentPostprocessing = 0;
		};
		5852B09C2C48C62600531EDA /* Resources */ = {
			isa = PBXResourcesBuildPhase;
			buildActionMask = 2147483647;
			files = (
			);
			runOnlyForDeploymentPostprocessing = 0;
		};
		5852B0A62C48C62600531EDA /* Resources */ = {
			isa = PBXResourcesBuildPhase;
			buildActionMask = 2147483647;
			files = (
			);
			runOnlyForDeploymentPostprocessing = 0;
		};
/* End PBXResourcesBuildPhase section */

/* Begin PBXSourcesBuildPhase section */
		5852B08A2C48C62500531EDA /* Sources */ = {
			isa = PBXSourcesBuildPhase;
			buildActionMask = 2147483647;
			files = (
				5852B0942C48C62500531EDA /* ContentView.swift in Sources */,
				5852B0922C48C62500531EDA /* OpenSeaApp.swift in Sources */,
			);
			runOnlyForDeploymentPostprocessing = 0;
		};
		5852B09A2C48C62600531EDA /* Sources */ = {
			isa = PBXSourcesBuildPhase;
			buildActionMask = 2147483647;
			files = (
				5852B0A32C48C62600531EDA /* OpenSeaTests.swift in Sources */,
			);
			runOnlyForDeploymentPostprocessing = 0;
		};
		5852B0A42C48C62600531EDA /* Sources */ = {
			isa = PBXSourcesBuildPhase;
			buildActionMask = 2147483647;
			files = (
				5852B0AF2C48C62600531EDA /* OpenSeaUITestsLaunchTests.swift in Sources */,
				5852B0AD2C48C62600531EDA /* OpenSeaUITests.swift in Sources */,
			);
			runOnlyForDeploymentPostprocessing = 0;
		};
/* End PBXSourcesBuildPhase section */

/* Begin PBXTargetDependency section */
		5852B0A02C48C62600531EDA /* PBXTargetDependency */ = {
			isa = PBXTargetDependency;
			target = 5852B08D2C48C62500531EDA /* OpenSea */;
			targetProxy = 5852B09F2C48C62600531EDA /* PBXContainerItemProxy */;
		};
		5852B0AA2C48C62600531EDA /* PBXTargetDependency */ = {
			isa = PBXTargetDependency;
			target = 5852B08D2C48C62500531EDA /* OpenSea */;
			targetProxy = 5852B0A92C48C62600531EDA /* PBXContainerItemProxy */;
		};
/* End PBXTargetDependency section */

/* Begin XCBuildConfiguration section */
		5852B0B02C48C62600531EDA /* Debug */ = {
			isa = XCBuildConfiguration;
			buildSettings = {
				ALWAYS_SEARCH_USER_PATHS = NO;
				ASSETCATALOG_COMPILER_GENERATE_SWIFT_ASSET_SYMBOL_EXTENSIONS = YES;
				CLANG_ANALYZER_NONNULL = YES;
				CLANG_ANALYZER_NUMBER_OBJECT_CONVERSION = YES_AGGRESSIVE;
				CLANG_CXX_LANGUAGE_STANDARD = "gnu++20";
				CLANG_ENABLE_MODULES = YES;
				CLANG_ENABLE_OBJC_ARC = YES;
				CLANG_ENABLE_OBJC_WEAK = YES;
				CLANG_WARN_BLOCK_CAPTURE_AUTORELEASING = YES;
				CLANG_WARN_BOOL_CONVERSION = YES;
				CLANG_WARN_COMMA = YES;
				CLANG_WARN_CONSTANT_CONVERSION = YES;
				CLANG_WARN_DEPRECATED_OBJC_IMPLEMENTATIONS = YES;
				CLANG_WARN_DIRECT_OBJC_ISA_USAGE = YES_ERROR;
				CLANG_WARN_DOCUMENTATION_COMMENTS = YES;
				CLANG_WARN_EMPTY_BODY = YES;
				CLANG_WARN_ENUM_CONVERSION = YES;
				CLANG_WARN_INFINITE_RECURSION = YES;
				CLANG_WARN_INT_CONVERSION = YES;
				CLANG_WARN_NON_LITERAL_NULL_CONVERSION = YES;
				CLANG_WARN_OBJC_IMPLICIT_RETAIN_SELF = YES;
				CLANG_WARN_OBJC_LITERAL_CONVERSION = YES;
				CLANG_WARN_OBJC_ROOT_CLASS = YES_ERROR;
				CLANG_WARN_QUOTED_INCLUDE_IN_FRAMEWORK_HEADER = YES;
				CLANG_WARN_RANGE_LOOP_ANALYSIS = YES;
				CLANG_WARN_STRICT_PROTOTYPES = YES;
				CLANG_WARN_SUSPICIOUS_MOVE = YES;
				CLANG_WARN_UNGUARDED_AVAILABILITY = YES_AGGRESSIVE;
				CLANG_WARN_UNREACHABLE_CODE = YES;
				CLANG_WARN__DUPLICATE_METHOD_MATCH = YES;
				COPY_PHASE_STRIP = NO;
				DEBUG_INFORMATION_FORMAT = dwarf;
				ENABLE_STRICT_OBJC_MSGSEND = YES;
				ENABLE_TESTABILITY = YES;
				ENABLE_USER_SCRIPT_SANDBOXING = YES;
				GCC_C_LANGUAGE_STANDARD = gnu17;
				GCC_DYNAMIC_NO_PIC = NO;
				GCC_NO_COMMON_BLOCKS = YES;
				GCC_OPTIMIZATION_LEVEL = 0;
				GCC_PREPROCESSOR_DEFINITIONS = (
					"DEBUG=1",
					"$(inherited)",
				);
				GCC_WARN_64_TO_32_BIT_CONVERSION = YES;
				GCC_WARN_ABOUT_RETURN_TYPE = YES_ERROR;
				GCC_WARN_UNDECLARED_SELECTOR = YES;
				GCC_WARN_UNINITIALIZED_AUTOS = YES_AGGRESSIVE;
				GCC_WARN_UNUSED_FUNCTION = YES;
				GCC_WARN_UNUSED_VARIABLE = YES;
				IPHONEOS_DEPLOYMENT_TARGET = 17.4;
				LOCALIZATION_PREFERS_STRING_CATALOGS = YES;
				MTL_ENABLE_DEBUG_INFO = INCLUDE_SOURCE;
				MTL_FAST_MATH = YES;
				ONLY_ACTIVE_ARCH = YES;
				SDKROOT = iphoneos;
				SWIFT_ACTIVE_COMPILATION_CONDITIONS = "DEBUG $(inherited)";
				SWIFT_OPTIMIZATION_LEVEL = "-Onone";
			};
			name = Debug;
		};
		5852B0B12C48C62600531EDA /* Release */ = {
			isa = XCBuildConfiguration;
			buildSettings = {
				ALWAYS_SEARCH_USER_PATHS = NO;
				ASSETCATALOG_COMPILER_GENERATE_SWIFT_ASSET_SYMBOL_EXTENSIONS = YES;
				CLANG_ANALYZER_NONNULL = YES;
				CLANG_ANALYZER_NUMBER_OBJECT_CONVERSION = YES_AGGRESSIVE;
				CLANG_CXX_LANGUAGE_STANDARD = "gnu++20";
				CLANG_ENABLE_MODULES = YES;
				CLANG_ENABLE_OBJC_ARC = YES;
				CLANG_ENABLE_OBJC_WEAK = YES;
				CLANG_WARN_BLOCK_CAPTURE_AUTORELEASING = YES;
				CLANG_WARN_BOOL_CONVERSION = YES;
				CLANG_WARN_COMMA = YES;
				CLANG_WARN_CONSTANT_CONVERSION = YES;
				CLANG_WARN_DEPRECATED_OBJC_IMPLEMENTATIONS = YES;
				CLANG_WARN_DIRECT_OBJC_ISA_USAGE = YES_ERROR;
				CLANG_WARN_DOCUMENTATION_COMMENTS = YES;
				CLANG_WARN_EMPTY_BODY = YES;
				CLANG_WARN_ENUM_CONVERSION = YES;
				CLANG_WARN_INFINITE_RECURSION = YES;
				CLANG_WARN_INT_CONVERSION = YES;
				CLANG_WARN_NON_LITERAL_NULL_CONVERSION = YES;
				CLANG_WARN_OBJC_IMPLICIT_RETAIN_SELF = YES;
				CLANG_WARN_OBJC_LITERAL_CONVERSION = YES;
				CLANG_WARN_OBJC_ROOT_CLASS = YES_ERROR;
				CLANG_WARN_QUOTED_INCLUDE_IN_FRAMEWORK_HEADER = YES;
				CLANG_WARN_RANGE_LOOP_ANALYSIS = YES;
				CLANG_WARN_STRICT_PROTOTYPES = YES;
				CLANG_WARN_SUSPICIOUS_MOVE = YES;
				CLANG_WARN_UNGUARDED_AVAILABILITY = YES_AGGRESSIVE;
				CLANG_WARN_UNREACHABLE_CODE = YES;
				CLANG_WARN__DUPLICATE_METHOD_MATCH = YES;
				COPY_PHASE_STRIP = NO;
				DEBUG_INFORMATION_FORMAT = "dwarf-with-dsym";
				ENABLE_NS_ASSERTIONS = NO;
				ENABLE_STRICT_OBJC_MSGSEND = YES;
				ENABLE_USER_SCRIPT_SANDBOXING = YES;
				GCC_C_LANGUAGE_STANDARD = gnu17;
				GCC_NO_COMMON_BLOCKS = YES;
				GCC_WARN_64_TO_32_BIT_CONVERSION = YES;
				GCC_WARN_ABOUT_RETURN_TYPE = YES_ERROR;
				GCC_WARN_UNDECLARED_SELECTOR = YES;
				GCC_WARN_UNINITIALIZED_AUTOS = YES_AGGRESSIVE;
				GCC_WARN_UNUSED_FUNCTION = YES;
				GCC_WARN_UNUSED_VARIABLE = YES;
				IPHONEOS_DEPLOYMENT_TARGET = 17.4;
				LOCALIZATION_PREFERS_STRING_CATALOGS = YES;
				MTL_ENABLE_DEBUG_INFO = NO;
				MTL_FAST_MATH = YES;
				SDKROOT = iphoneos;
				SWIFT_COMPILATION_MODE = wholemodule;
				VALIDATE_PRODUCT = YES;
			};
			name = Release;
		};
		5852B0B32C48C62600531EDA /* Debug */ = {
			isa = XCBuildConfiguration;
			buildSettings = {
				ASSETCATALOG_COMPILER_APPICON_NAME = AppIcon;
				ASSETCATALOG_COMPILER_GLOBAL_ACCENT_COLOR_NAME = AccentColor;
				CODE_SIGN_STYLE = Automatic;
				CURRENT_PROJECT_VERSION = 1;
				DEVELOPMENT_ASSET_PATHS = "\"OpenSea/Preview Content\"";
				DEVELOPMENT_TEAM = 3RZRY2TK85;
				ENABLE_PREVIEWS = YES;
				GENERATE_INFOPLIST_FILE = YES;
				INFOPLIST_KEY_UIApplicationSceneManifest_Generation = YES;
				INFOPLIST_KEY_UIApplicationSupportsIndirectInputEvents = YES;
				INFOPLIST_KEY_UILaunchScreen_Generation = YES;
				INFOPLIST_KEY_UISupportedInterfaceOrientations_iPad = "UIInterfaceOrientationPortrait UIInterfaceOrientationPortraitUpsideDown UIInterfaceOrientationLandscapeLeft UIInterfaceOrientationLandscapeRight";
				INFOPLIST_KEY_UISupportedInterfaceOrientations_iPhone = "UIInterfaceOrientationPortrait UIInterfaceOrientationLandscapeLeft UIInterfaceOrientationLandscapeRight";
				LD_RUNPATH_SEARCH_PATHS = (
					"$(inherited)",
					"@executable_path/Frameworks",
				);
				MARKETING_VERSION = 1.0;
				PRODUCT_BUNDLE_IDENTIFIER = com.sandy.OpenSea;
				PRODUCT_NAME = "$(TARGET_NAME)";
				SWIFT_EMIT_LOC_STRINGS = YES;
				SWIFT_VERSION = 5.0;
				TARGETED_DEVICE_FAMILY = "1,2";
			};
			name = Debug;
		};
		5852B0B42C48C62600531EDA /* Release */ = {
			isa = XCBuildConfiguration;
			buildSettings = {
				ASSETCATALOG_COMPILER_APPICON_NAME = AppIcon;
				ASSETCATALOG_COMPILER_GLOBAL_ACCENT_COLOR_NAME = AccentColor;
				CODE_SIGN_STYLE = Automatic;
				CURRENT_PROJECT_VERSION = 1;
				DEVELOPMENT_ASSET_PATHS = "\"OpenSea/Preview Content\"";
				DEVELOPMENT_TEAM = 3RZRY2TK85;
				ENABLE_PREVIEWS = YES;
				GENERATE_INFOPLIST_FILE = YES;
				INFOPLIST_KEY_UIApplicationSceneManifest_Generation = YES;
				INFOPLIST_KEY_UIApplicationSupportsIndirectInputEvents = YES;
				INFOPLIST_KEY_UILaunchScreen_Generation = YES;
				INFOPLIST_KEY_UISupportedInterfaceOrientations_iPad = "UIInterfaceOrientationPortrait UIInterfaceOrientationPortraitUpsideDown UIInterfaceOrientationLandscapeLeft UIInterfaceOrientationLandscapeRight";
				INFOPLIST_KEY_UISupportedInterfaceOrientations_iPhone = "UIInterfaceOrientationPortrait UIInterfaceOrientationLandscapeLeft UIInterfaceOrientationLandscapeRight";
				LD_RUNPATH_SEARCH_PATHS = (
					"$(inherited)",
					"@executable_path/Frameworks",
				);
				MARKETING_VERSION = 1.0;
				PRODUCT_BUNDLE_IDENTIFIER = com.sandy.OpenSea;
				PRODUCT_NAME = "$(TARGET_NAME)";
				SWIFT_EMIT_LOC_STRINGS = YES;
				SWIFT_VERSION = 5.0;
				TARGETED_DEVICE_FAMILY = "1,2";
			};
			name = Release;
		};
		5852B0B62C48C62600531EDA /* Debug */ = {
			isa = XCBuildConfiguration;
			buildSettings = {
				ALWAYS_EMBED_SWIFT_STANDARD_LIBRARIES = YES;
				BUNDLE_LOADER = "$(TEST_HOST)";
				CODE_SIGN_STYLE = Automatic;
				CURRENT_PROJECT_VERSION = 1;
				DEVELOPMENT_TEAM = 3RZRY2TK85;
				GENERATE_INFOPLIST_FILE = YES;
				IPHONEOS_DEPLOYMENT_TARGET = 17.4;
				MARKETING_VERSION = 1.0;
				PRODUCT_BUNDLE_IDENTIFIER = com.sandy.OpenSeaTests;
				PRODUCT_NAME = "$(TARGET_NAME)";
				SWIFT_EMIT_LOC_STRINGS = NO;
				SWIFT_VERSION = 5.0;
				TARGETED_DEVICE_FAMILY = "1,2";
				TEST_HOST = "$(BUILT_PRODUCTS_DIR)/OpenSea.app/$(BUNDLE_EXECUTABLE_FOLDER_PATH)/OpenSea";
			};
			name = Debug;
		};
		5852B0B72C48C62600531EDA /* Release */ = {
			isa = XCBuildConfiguration;
			buildSettings = {
				ALWAYS_EMBED_SWIFT_STANDARD_LIBRARIES = YES;
				BUNDLE_LOADER = "$(TEST_HOST)";
				CODE_SIGN_STYLE = Automatic;
				CURRENT_PROJECT_VERSION = 1;
				DEVELOPMENT_TEAM = 3RZRY2TK85;
				GENERATE_INFOPLIST_FILE = YES;
				IPHONEOS_DEPLOYMENT_TARGET = 17.4;
				MARKETING_VERSION = 1.0;
				PRODUCT_BUNDLE_IDENTIFIER = com.sandy.OpenSeaTests;
				PRODUCT_NAME = "$(TARGET_NAME)";
				SWIFT_EMIT_LOC_STRINGS = NO;
				SWIFT_VERSION = 5.0;
				TARGETED_DEVICE_FAMILY = "1,2";
				TEST_HOST = "$(BUILT_PRODUCTS_DIR)/OpenSea.app/$(BUNDLE_EXECUTABLE_FOLDER_PATH)/OpenSea";
			};
			name = Release;
		};
		5852B0B92C48C62600531EDA /* Debug */ = {
			isa = XCBuildConfiguration;
			buildSettings = {
				ALWAYS_EMBED_SWIFT_STANDARD_LIBRARIES = YES;
				CODE_SIGN_STYLE = Automatic;
				CURRENT_PROJECT_VERSION = 1;
				DEVELOPMENT_TEAM = 3RZRY2TK85;
				GENERATE_INFOPLIST_FILE = YES;
				MARKETING_VERSION = 1.0;
				PRODUCT_BUNDLE_IDENTIFIER = com.sandy.OpenSeaUITests;
				PRODUCT_NAME = "$(TARGET_NAME)";
				SWIFT_EMIT_LOC_STRINGS = NO;
				SWIFT_VERSION = 5.0;
				TARGETED_DEVICE_FAMILY = "1,2";
				TEST_TARGET_NAME = OpenSea;
			};
			name = Debug;
		};
		5852B0BA2C48C62600531EDA /* Release */ = {
			isa = XCBuildConfiguration;
			buildSettings = {
				ALWAYS_EMBED_SWIFT_STANDARD_LIBRARIES = YES;
				CODE_SIGN_STYLE = Automatic;
				CURRENT_PROJECT_VERSION = 1;
				DEVELOPMENT_TEAM = 3RZRY2TK85;
				GENERATE_INFOPLIST_FILE = YES;
				MARKETING_VERSION = 1.0;
				PRODUCT_BUNDLE_IDENTIFIER = com.sandy.OpenSeaUITests;
				PRODUCT_NAME = "$(TARGET_NAME)";
				SWIFT_EMIT_LOC_STRINGS = NO;
				SWIFT_VERSION = 5.0;
				TARGETED_DEVICE_FAMILY = "1,2";
				TEST_TARGET_NAME = OpenSea;
			};
			name = Release;
		};
/* End XCBuildConfiguration section */

/* Begin XCConfigurationList section */
		5852B0892C48C62500531EDA /* Build configuration list for PBXProject "OpenSea" */ = {
			isa = XCConfigurationList;
			buildConfigurations = (
				5852B0B02C48C62600531EDA /* Debug */,
				5852B0B12C48C62600531EDA /* Release */,
			);
			defaultConfigurationIsVisible = 0;
			defaultConfigurationName = Release;
		};
		5852B0B22C48C62600531EDA /* Build configuration list for PBXNativeTarget "OpenSea" */ = {
			isa = XCConfigurationList;
			buildConfigurations = (
				5852B0B32C48C62600531EDA /* Debug */,
				5852B0B42C48C62600531EDA /* Release */,
			);
			defaultConfigurationIsVisible = 0;
			defaultConfigurationName = Release;
		};
		5852B0B52C48C62600531EDA /* Build configuration list for PBXNativeTarget "OpenSeaTests" */ = {
			isa = XCConfigurationList;
			buildConfigurations = (
				5852B0B62C48C62600531EDA /* Debug */,
				5852B0B72C48C62600531EDA /* Release */,
			);
			defaultConfigurationIsVisible = 0;
			defaultConfigurationName = Release;
		};
		5852B0B82C48C62600531EDA /* Build configuration list for PBXNativeTarget "OpenSeaUITests" */ = {
			isa = XCConfigurationList;
			buildConfigurations = (
				5852B0B92C48C62600531EDA /* Debug */,
				5852B0BA2C48C62600531EDA /* Release */,
			);
			defaultConfigurationIsVisible = 0;
			defaultConfigurationName = Release;
		};
/* End XCConfigurationList section */
	};
	rootObject = 5852B0862C48C62500531EDA /* Project object */;
}
